// !$*UTF8*$!
{
	archiveVersion = 1;
	classes = {
	};
	objectVersion = 46;
	objects = {

/* Begin PBXBuildFile section */
		049938ED1B876F950038FD8D /* main.m in Sources */ = {isa = PBXBuildFile; fileRef = 049938EC1B876F950038FD8D /* main.m */; };
		049938F01B876F950038FD8D /* AppDelegate.m in Sources */ = {isa = PBXBuildFile; fileRef = 049938EF1B876F950038FD8D /* AppDelegate.m */; };
		049938F31B876F950038FD8D /* ViewController.m in Sources */ = {isa = PBXBuildFile; fileRef = 049938F21B876F950038FD8D /* ViewController.m */; };
		049938F61B876F950038FD8D /* Main.storyboard in Resources */ = {isa = PBXBuildFile; fileRef = 049938F41B876F950038FD8D /* Main.storyboard */; };
		049938F81B876F950038FD8D /* Images.xcassets in Resources */ = {isa = PBXBuildFile; fileRef = 049938F71B876F950038FD8D /* Images.xcassets */; };
		049938FB1B876F950038FD8D /* LaunchScreen.xib in Resources */ = {isa = PBXBuildFile; fileRef = 049938F91B876F950038FD8D /* LaunchScreen.xib */; };
		049939071B876F950038FD8D /* MyBookTests.m in Sources */ = {isa = PBXBuildFile; fileRef = 049939061B876F950038FD8D /* MyBookTests.m */; };
		049939151B8774710038FD8D /* BmobSDK.framework in Frameworks */ = {isa = PBXBuildFile; fileRef = 049939131B8774710038FD8D /* BmobSDK.framework */; };
		049939171B8775250038FD8D /* CoreLocation.framework in Frameworks */ = {isa = PBXBuildFile; fileRef = 049939161B8775250038FD8D /* CoreLocation.framework */; };
		049939191B8775310038FD8D /* Security.framework in Frameworks */ = {isa = PBXBuildFile; fileRef = 049939181B8775310038FD8D /* Security.framework */; };
		0499391B1B87753B0038FD8D /* CoreGraphics.framework in Frameworks */ = {isa = PBXBuildFile; fileRef = 0499391A1B87753A0038FD8D /* CoreGraphics.framework */; };
		0499391D1B8775460038FD8D /* MobileCoreServices.framework in Frameworks */ = {isa = PBXBuildFile; fileRef = 0499391C1B8775460038FD8D /* MobileCoreServices.framework */; };
		0499391F1B8775560038FD8D /* CFNetwork.framework in Frameworks */ = {isa = PBXBuildFile; fileRef = 0499391E1B8775560038FD8D /* CFNetwork.framework */; };
		049939211B8775690038FD8D /* CoreTelephony.framework in Frameworks */ = {isa = PBXBuildFile; fileRef = 049939201B8775690038FD8D /* CoreTelephony.framework */; };
		049939231B87757D0038FD8D /* SystemConfiguration.framework in Frameworks */ = {isa = PBXBuildFile; fileRef = 049939221B87757D0038FD8D /* SystemConfiguration.framework */; };
		049939251B8775930038FD8D /* libz.1.2.5.dylib in Frameworks */ = {isa = PBXBuildFile; fileRef = 049939241B8775930038FD8D /* libz.1.2.5.dylib */; };
		049939271B8775A70038FD8D /* libicucore.dylib in Frameworks */ = {isa = PBXBuildFile; fileRef = 049939261B8775A70038FD8D /* libicucore.dylib */; };
		049939291B8775C10038FD8D /* libsqlite3.dylib in Frameworks */ = {isa = PBXBuildFile; fileRef = 049939281B8775C10038FD8D /* libsqlite3.dylib */; };
		0499392B1B8775D00038FD8D /* AVFoundation.framework in Frameworks */ = {isa = PBXBuildFile; fileRef = 0499392A1B8775D00038FD8D /* AVFoundation.framework */; };
		0499392D1B8775DE0038FD8D /* MediaPlayer.framework in Frameworks */ = {isa = PBXBuildFile; fileRef = 0499392C1B8775DE0038FD8D /* MediaPlayer.framework */; };
/* End PBXBuildFile section */

/* Begin PBXContainerItemProxy section */
		049939011B876F950038FD8D /* PBXContainerItemProxy */ = {
			isa = PBXContainerItemProxy;
			containerPortal = 049938DF1B876F950038FD8D /* Project object */;
			proxyType = 1;
			remoteGlobalIDString = 049938E61B876F950038FD8D;
			remoteInfo = MyBook;
		};
/* End PBXContainerItemProxy section */

/* Begin PBXFileReference section */
		049938E71B876F950038FD8D /* MyBook.app */ = {isa = PBXFileReference; explicitFileType = wrapper.application; includeInIndex = 0; path = MyBook.app; sourceTree = BUILT_PRODUCTS_DIR; };
		049938EB1B876F950038FD8D /* Info.plist */ = {isa = PBXFileReference; lastKnownFileType = text.plist.xml; path = Info.plist; sourceTree = "<group>"; };
		049938EC1B876F950038FD8D /* main.m */ = {isa = PBXFileReference; lastKnownFileType = sourcecode.c.objc; path = main.m; sourceTree = "<group>"; };
		049938EE1B876F950038FD8D /* AppDelegate.h */ = {isa = PBXFileReference; lastKnownFileType = sourcecode.c.h; path = AppDelegate.h; sourceTree = "<group>"; };
		049938EF1B876F950038FD8D /* AppDelegate.m */ = {isa = PBXFileReference; lastKnownFileType = sourcecode.c.objc; path = AppDelegate.m; sourceTree = "<group>"; };
		049938F11B876F950038FD8D /* ViewController.h */ = {isa = PBXFileReference; lastKnownFileType = sourcecode.c.h; path = ViewController.h; sourceTree = "<group>"; };
		049938F21B876F950038FD8D /* ViewController.m */ = {isa = PBXFileReference; lastKnownFileType = sourcecode.c.objc; path = ViewController.m; sourceTree = "<group>"; };
		049938F51B876F950038FD8D /* Base */ = {isa = PBXFileReference; lastKnownFileType = file.storyboard; name = Base; path = Base.lproj/Main.storyboard; sourceTree = "<group>"; };
		049938F71B876F950038FD8D /* Images.xcassets */ = {isa = PBXFileReference; lastKnownFileType = folder.assetcatalog; path = Images.xcassets; sourceTree = "<group>"; };
		049938FA1B876F950038FD8D /* Base */ = {isa = PBXFileReference; lastKnownFileType = file.xib; name = Base; path = Base.lproj/LaunchScreen.xib; sourceTree = "<group>"; };
		049939001B876F950038FD8D /* MyBookTests.xctest */ = {isa = PBXFileReference; explicitFileType = wrapper.cfbundle; includeInIndex = 0; path = MyBookTests.xctest; sourceTree = BUILT_PRODUCTS_DIR; };
		049939051B876F950038FD8D /* Info.plist */ = {isa = PBXFileReference; lastKnownFileType = text.plist.xml; path = Info.plist; sourceTree = "<group>"; };
		049939061B876F950038FD8D /* MyBookTests.m */ = {isa = PBXFileReference; lastKnownFileType = sourcecode.c.objc; path = MyBookTests.m; sourceTree = "<group>"; };
		049939131B8774710038FD8D /* BmobSDK.framework */ = {isa = PBXFileReference; lastKnownFileType = wrapper.framework; path = BmobSDK.framework; sourceTree = "<group>"; };
		049939161B8775250038FD8D /* CoreLocation.framework */ = {isa = PBXFileReference; lastKnownFileType = wrapper.framework; name = CoreLocation.framework; path = System/Library/Frameworks/CoreLocation.framework; sourceTree = SDKROOT; };
		049939181B8775310038FD8D /* Security.framework */ = {isa = PBXFileReference; lastKnownFileType = wrapper.framework; name = Security.framework; path = System/Library/Frameworks/Security.framework; sourceTree = SDKROOT; };
		0499391A1B87753A0038FD8D /* CoreGraphics.framework */ = {isa = PBXFileReference; lastKnownFileType = wrapper.framework; name = CoreGraphics.framework; path = System/Library/Frameworks/CoreGraphics.framework; sourceTree = SDKROOT; };
		0499391C1B8775460038FD8D /* MobileCoreServices.framework */ = {isa = PBXFileReference; lastKnownFileType = wrapper.framework; name = MobileCoreServices.framework; path = System/Library/Frameworks/MobileCoreServices.framework; sourceTree = SDKROOT; };
		0499391E1B8775560038FD8D /* CFNetwork.framework */ = {isa = PBXFileReference; lastKnownFileType = wrapper.framework; name = CFNetwork.framework; path = System/Library/Frameworks/CFNetwork.framework; sourceTree = SDKROOT; };
		049939201B8775690038FD8D /* CoreTelephony.framework */ = {isa = PBXFileReference; lastKnownFileType = wrapper.framework; name = CoreTelephony.framework; path = System/Library/Frameworks/CoreTelephony.framework; sourceTree = SDKROOT; };
		049939221B87757D0038FD8D /* SystemConfiguration.framework */ = {isa = PBXFileReference; lastKnownFileType = wrapper.framework; name = SystemConfiguration.framework; path = System/Library/Frameworks/SystemConfiguration.framework; sourceTree = SDKROOT; };
		049939241B8775930038FD8D /* libz.1.2.5.dylib */ = {isa = PBXFileReference; lastKnownFileType = "compiled.mach-o.dylib"; name = libz.1.2.5.dylib; path = usr/lib/libz.1.2.5.dylib; sourceTree = SDKROOT; };
		049939261B8775A70038FD8D /* libicucore.dylib */ = {isa = PBXFileReference; lastKnownFileType = "compiled.mach-o.dylib"; name = libicucore.dylib; path = usr/lib/libicucore.dylib; sourceTree = SDKROOT; };
		049939281B8775C10038FD8D /* libsqlite3.dylib */ = {isa = PBXFileReference; lastKnownFileType = "compiled.mach-o.dylib"; name = libsqlite3.dylib; path = usr/lib/libsqlite3.dylib; sourceTree = SDKROOT; };
		0499392A1B8775D00038FD8D /* AVFoundation.framework */ = {isa = PBXFileReference; lastKnownFileType = wrapper.framework; name = AVFoundation.framework; path = System/Library/Frameworks/AVFoundation.framework; sourceTree = SDKROOT; };
		0499392C1B8775DE0038FD8D /* MediaPlayer.framework */ = {isa = PBXFileReference; lastKnownFileType = wrapper.framework; name = MediaPlayer.framework; path = System/Library/Frameworks/MediaPlayer.framework; sourceTree = SDKROOT; };
/* End PBXFileReference section */

/* Begin PBXFrameworksBuildPhase section */
		049938E41B876F950038FD8D /* Frameworks */ = {
			isa = PBXFrameworksBuildPhase;
			buildActionMask = 2147483647;
			files = (
				0499392D1B8775DE0038FD8D /* MediaPlayer.framework in Frameworks */,
				0499392B1B8775D00038FD8D /* AVFoundation.framework in Frameworks */,
				049939291B8775C10038FD8D /* libsqlite3.dylib in Frameworks */,
				049939271B8775A70038FD8D /* libicucore.dylib in Frameworks */,
				049939251B8775930038FD8D /* libz.1.2.5.dylib in Frameworks */,
				049939231B87757D0038FD8D /* SystemConfiguration.framework in Frameworks */,
				049939211B8775690038FD8D /* CoreTelephony.framework in Frameworks */,
				0499391F1B8775560038FD8D /* CFNetwork.framework in Frameworks */,
				0499391D1B8775460038FD8D /* MobileCoreServices.framework in Frameworks */,
				0499391B1B87753B0038FD8D /* CoreGraphics.framework in Frameworks */,
				049939191B8775310038FD8D /* Security.framework in Frameworks */,
				049939171B8775250038FD8D /* CoreLocation.framework in Frameworks */,
				049939151B8774710038FD8D /* BmobSDK.framework in Frameworks */,
			);
			runOnlyForDeploymentPostprocessing = 0;
		};
		049938FD1B876F950038FD8D /* Frameworks */ = {
			isa = PBXFrameworksBuildPhase;
			buildActionMask = 2147483647;
			files = (
			);
			runOnlyForDeploymentPostprocessing = 0;
		};
/* End PBXFrameworksBuildPhase section */

/* Begin PBXGroup section */
		049938DE1B876F950038FD8D = {
			isa = PBXGroup;
			children = (
				049938E91B876F950038FD8D /* MyBook */,
				049939031B876F950038FD8D /* MyBookTests */,
				049938E81B876F950038FD8D /* Products */,
			);
			sourceTree = "<group>";
		};
		049938E81B876F950038FD8D /* Products */ = {
			isa = PBXGroup;
			children = (
				049938E71B876F950038FD8D /* MyBook.app */,
				049939001B876F950038FD8D /* MyBookTests.xctest */,
			);
			name = Products;
			sourceTree = "<group>";
		};
		049938E91B876F950038FD8D /* MyBook */ = {
			isa = PBXGroup;
			children = (
				049939101B8774650038FD8D /* Category */,
				049938EE1B876F950038FD8D /* AppDelegate.h */,
				049938EF1B876F950038FD8D /* AppDelegate.m */,
				049938F11B876F950038FD8D /* ViewController.h */,
				049938F21B876F950038FD8D /* ViewController.m */,
				049938F41B876F950038FD8D /* Main.storyboard */,
				049938F71B876F950038FD8D /* Images.xcassets */,
				049938F91B876F950038FD8D /* LaunchScreen.xib */,
				049938EA1B876F950038FD8D /* Supporting Files */,
			);
			path = MyBook;
			sourceTree = "<group>";
		};
		049938EA1B876F950038FD8D /* Supporting Files */ = {
			isa = PBXGroup;
			children = (
				049938EB1B876F950038FD8D /* Info.plist */,
				049938EC1B876F950038FD8D /* main.m */,
			);
			name = "Supporting Files";
			sourceTree = "<group>";
		};
		049939031B876F950038FD8D /* MyBookTests */ = {
			isa = PBXGroup;
			children = (
				049939061B876F950038FD8D /* MyBookTests.m */,
				049939041B876F950038FD8D /* Supporting Files */,
			);
			path = MyBookTests;
			sourceTree = "<group>";
		};
		049939041B876F950038FD8D /* Supporting Files */ = {
			isa = PBXGroup;
			children = (
				049939051B876F950038FD8D /* Info.plist */,
			);
			name = "Supporting Files";
			sourceTree = "<group>";
		};
		049939101B8774650038FD8D /* Category */ = {
			isa = PBXGroup;
			children = (
				0499392C1B8775DE0038FD8D /* MediaPlayer.framework */,
				0499392A1B8775D00038FD8D /* AVFoundation.framework */,
				049939281B8775C10038FD8D /* libsqlite3.dylib */,
				049939261B8775A70038FD8D /* libicucore.dylib */,
				049939241B8775930038FD8D /* libz.1.2.5.dylib */,
				049939221B87757D0038FD8D /* SystemConfiguration.framework */,
				049939201B8775690038FD8D /* CoreTelephony.framework */,
				0499391E1B8775560038FD8D /* CFNetwork.framework */,
				0499391C1B8775460038FD8D /* MobileCoreServices.framework */,
				0499391A1B87753A0038FD8D /* CoreGraphics.framework */,
				049939181B8775310038FD8D /* Security.framework */,
				049939161B8775250038FD8D /* CoreLocation.framework */,
				049939111B8774710038FD8D /* Bmob_SDK_iOS_v1.6.2 */,
			);
			path = Category;
			sourceTree = "<group>";
		};
		049939111B8774710038FD8D /* Bmob_SDK_iOS_v1.6.2 */ = {
			isa = PBXGroup;
			children = (
				049939131B8774710038FD8D /* BmobSDK.framework */,
			);
			path = Bmob_SDK_iOS_v1.6.2;
			sourceTree = "<group>";
		};
/* End PBXGroup section */

/* Begin PBXNativeTarget section */
		049938E61B876F950038FD8D /* MyBook */ = {
			isa = PBXNativeTarget;
			buildConfigurationList = 0499390A1B876F950038FD8D /* Build configuration list for PBXNativeTarget "MyBook" */;
			buildPhases = (
				049938E31B876F950038FD8D /* Sources */,
				049938E41B876F950038FD8D /* Frameworks */,
				049938E51B876F950038FD8D /* Resources */,
			);
			buildRules = (
			);
			dependencies = (
			);
			name = MyBook;
			productName = MyBook;
			productReference = 049938E71B876F950038FD8D /* MyBook.app */;
			productType = "com.apple.product-type.application";
		};
		049938FF1B876F950038FD8D /* MyBookTests */ = {
			isa = PBXNativeTarget;
			buildConfigurationList = 0499390D1B876F950038FD8D /* Build configuration list for PBXNativeTarget "MyBookTests" */;
			buildPhases = (
				049938FC1B876F950038FD8D /* Sources */,
				049938FD1B876F950038FD8D /* Frameworks */,
				049938FE1B876F950038FD8D /* Resources */,
			);
			buildRules = (
			);
			dependencies = (
				049939021B876F950038FD8D /* PBXTargetDependency */,
			);
			name = MyBookTests;
			productName = MyBookTests;
			productReference = 049939001B876F950038FD8D /* MyBookTests.xctest */;
			productType = "com.apple.product-type.bundle.unit-test";
		};
/* End PBXNativeTarget section */

/* Begin PBXProject section */
		049938DF1B876F950038FD8D /* Project object */ = {
			isa = PBXProject;
			attributes = {
				LastUpgradeCheck = 0640;
				ORGANIZATIONNAME = zhangyongsheng;
				TargetAttributes = {
					049938E61B876F950038FD8D = {
						CreatedOnToolsVersion = 6.4;
					};
					049938FF1B876F950038FD8D = {
						CreatedOnToolsVersion = 6.4;
						TestTargetID = 049938E61B876F950038FD8D;
					};
				};
			};
			buildConfigurationList = 049938E21B876F950038FD8D /* Build configuration list for PBXProject "MyBook" */;
			compatibilityVersion = "Xcode 3.2";
			developmentRegion = English;
			hasScannedForEncodings = 0;
			knownRegions = (
				en,
				Base,
			);
			mainGroup = 049938DE1B876F950038FD8D;
			productRefGroup = 049938E81B876F950038FD8D /* Products */;
			projectDirPath = "";
			projectRoot = "";
			targets = (
				049938E61B876F950038FD8D /* MyBook */,
				049938FF1B876F950038FD8D /* MyBookTests */,
			);
		};
/* End PBXProject section */

/* Begin PBXResourcesBuildPhase section */
		049938E51B876F950038FD8D /* Resources */ = {
			isa = PBXResourcesBuildPhase;
			buildActionMask = 2147483647;
			files = (
				049938F61B876F950038FD8D /* Main.storyboard in Resources */,
				049938FB1B876F950038FD8D /* LaunchScreen.xib in Resources */,
				049938F81B876F950038FD8D /* Images.xcassets in Resources */,
			);
			runOnlyForDeploymentPostprocessing = 0;
		};
		049938FE1B876F950038FD8D /* Resources */ = {
			isa = PBXResourcesBuildPhase;
			buildActionMask = 2147483647;
			files = (
			);
			runOnlyForDeploymentPostprocessing = 0;
		};
/* End PBXResourcesBuildPhase section */

/* Begin PBXSourcesBuildPhase section */
		049938E31B876F950038FD8D /* Sources */ = {
			isa = PBXSourcesBuildPhase;
			buildActionMask = 2147483647;
			files = (
				049938F31B876F950038FD8D /* ViewController.m in Sources */,
				049938F01B876F950038FD8D /* AppDelegate.m in Sources */,
				049938ED1B876F950038FD8D /* main.m in Sources */,
			);
			runOnlyForDeploymentPostprocessing = 0;
		};
		049938FC1B876F950038FD8D /* Sources */ = {
			isa = PBXSourcesBuildPhase;
			buildActionMask = 2147483647;
			files = (
				049939071B876F950038FD8D /* MyBookTests.m in Sources */,
			);
			runOnlyForDeploymentPostprocessing = 0;
		};
/* End PBXSourcesBuildPhase section */

/* Begin PBXTargetDependency section */
		049939021B876F950038FD8D /* PBXTargetDependency */ = {
			isa = PBXTargetDependency;
			target = 049938E61B876F950038FD8D /* MyBook */;
			targetProxy = 049939011B876F950038FD8D /* PBXContainerItemProxy */;
		};
/* End PBXTargetDependency section */

/* Begin PBXVariantGroup section */
		049938F41B876F950038FD8D /* Main.storyboard */ = {
			isa = PBXVariantGroup;
			children = (
				049938F51B876F950038FD8D /* Base */,
			);
			name = Main.storyboard;
			sourceTree = "<group>";
		};
		049938F91B876F950038FD8D /* LaunchScreen.xib */ = {
			isa = PBXVariantGroup;
			children = (
				049938FA1B876F950038FD8D /* Base */,
			);
			name = LaunchScreen.xib;
			sourceTree = "<group>";
		};
/* End PBXVariantGroup section */

/* Begin XCBuildConfiguration section */
		049939081B876F950038FD8D /* Debug */ = {
			isa = XCBuildConfiguration;
			buildSettings = {
				ALWAYS_SEARCH_USER_PATHS = NO;
				CLANG_CXX_LANGUAGE_STANDARD = "gnu++0x";
				CLANG_CXX_LIBRARY = "libc++";
				CLANG_ENABLE_MODULES = YES;
				CLANG_ENABLE_OBJC_ARC = YES;
				CLANG_WARN_BOOL_CONVERSION = YES;
				CLANG_WARN_CONSTANT_CONVERSION = YES;
				CLANG_WARN_DIRECT_OBJC_ISA_USAGE = YES_ERROR;
				CLANG_WARN_EMPTY_BODY = YES;
				CLANG_WARN_ENUM_CONVERSION = YES;
				CLANG_WARN_INT_CONVERSION = YES;
				CLANG_WARN_OBJC_ROOT_CLASS = YES_ERROR;
				CLANG_WARN_UNREACHABLE_CODE = YES;
				CLANG_WARN__DUPLICATE_METHOD_MATCH = YES;
				"CODE_SIGN_IDENTITY[sdk=iphoneos*]" = "iPhone Developer";
				COPY_PHASE_STRIP = NO;
				DEBUG_INFORMATION_FORMAT = "dwarf-with-dsym";
				ENABLE_STRICT_OBJC_MSGSEND = YES;
				GCC_C_LANGUAGE_STANDARD = gnu99;
				GCC_DYNAMIC_NO_PIC = NO;
				GCC_NO_COMMON_BLOCKS = YES;
				GCC_OPTIMIZATION_LEVEL = 0;
				GCC_PREPROCESSOR_DEFINITIONS = (
					"DEBUG=1",
					"$(inherited)",
				);
				GCC_SYMBOLS_PRIVATE_EXTERN = NO;
				GCC_WARN_64_TO_32_BIT_CONVERSION = YES;
				GCC_WARN_ABOUT_RETURN_TYPE = YES_ERROR;
				GCC_WARN_UNDECLARED_SELECTOR = YES;
				GCC_WARN_UNINITIALIZED_AUTOS = YES_AGGRESSIVE;
				GCC_WARN_UNUSED_FUNCTION = YES;
				GCC_WARN_UNUSED_VARIABLE = YES;
				IPHONEOS_DEPLOYMENT_TARGET = 8.4;
				MTL_ENABLE_DEBUG_INFO = YES;
				ONLY_ACTIVE_ARCH = YES;
				SDKROOT = iphoneos;
			};
			name = Debug;
		};
		049939091B876F950038FD8D /* Release */ = {
			isa = XCBuildConfiguration;
			buildSettings = {
				ALWAYS_SEARCH_USER_PATHS = NO;
				CLANG_CXX_LANGUAGE_STANDARD = "gnu++0x";
				CLANG_CXX_LIBRARY = "libc++";
				CLANG_ENABLE_MODULES = YES;
				CLANG_ENABLE_OBJC_ARC = YES;
				CLANG_WARN_BOOL_CONVERSION = YES;
				CLANG_WARN_CONSTANT_CONVERSION = YES;
				CLANG_WARN_DIRECT_OBJC_ISA_USAGE = YES_ERROR;
				CLANG_WARN_EMPTY_BODY = YES;
				CLANG_WARN_ENUM_CONVERSION = YES;
				CLANG_WARN_INT_CONVERSION = YES;
				CLANG_WARN_OBJC_ROOT_CLASS = YES_ERROR;
				CLANG_WARN_UNREACHABLE_CODE = YES;
				CLANG_WARN__DUPLICATE_METHOD_MATCH = YES;
				"CODE_SIGN_IDENTITY[sdk=iphoneos*]" = "iPhone Developer";
				COPY_PHASE_STRIP = NO;
				DEBUG_INFORMATION_FORMAT = "dwarf-with-dsym";
				ENABLE_NS_ASSERTIONS = NO;
				ENABLE_STRICT_OBJC_MSGSEND = YES;
				GCC_C_LANGUAGE_STANDARD = gnu99;
				GCC_NO_COMMON_BLOCKS = YES;
				GCC_WARN_64_TO_32_BIT_CONVERSION = YES;
				GCC_WARN_ABOUT_RETURN_TYPE = YES_ERROR;
				GCC_WARN_UNDECLARED_SELECTOR = YES;
				GCC_WARN_UNINITIALIZED_AUTOS = YES_AGGRESSIVE;
				GCC_WARN_UNUSED_FUNCTION = YES;
				GCC_WARN_UNUSED_VARIABLE = YES;
				IPHONEOS_DEPLOYMENT_TARGET = 8.4;
				MTL_ENABLE_DEBUG_INFO = NO;
				SDKROOT = iphoneos;
				VALIDATE_PRODUCT = YES;
			};
			name = Release;
		};
		0499390B1B876F950038FD8D /* Debug */ = {
			isa = XCBuildConfiguration;
			buildSettings = {
				ASSETCATALOG_COMPILER_APPICON_NAME = AppIcon;
				FRAMEWORK_SEARCH_PATHS = (
					"$(inherited)",
					"$(PROJECT_DIR)/MyBook/Category/Bmob_SDK_iOS_v1.6.2",
				);
				INFOPLIST_FILE = MyBook/Info.plist;
				LD_RUNPATH_SEARCH_PATHS = "$(inherited) @executable_path/Frameworks";
				PRODUCT_NAME = "$(TARGET_NAME)";
			};
			name = Debug;
		};
		0499390C1B876F950038FD8D /* Release */ = {
			isa = XCBuildConfiguration;
			buildSettings = {
				ASSETCATALOG_COMPILER_APPICON_NAME = AppIcon;
				FRAMEWORK_SEARCH_PATHS = (
					"$(inherited)",
					"$(PROJECT_DIR)/MyBook/Category/Bmob_SDK_iOS_v1.6.2",
				);
				INFOPLIST_FILE = MyBook/Info.plist;
				LD_RUNPATH_SEARCH_PATHS = "$(inherited) @executable_path/Frameworks";
				PRODUCT_NAME = "$(TARGET_NAME)";
			};
			name = Release;
		};
		0499390E1B876F950038FD8D /* Debug */ = {
			isa = XCBuildConfiguration;
			buildSettings = {
				BUNDLE_LOADER = "$(TEST_HOST)";
				FRAMEWORK_SEARCH_PATHS = (
					"$(SDKROOT)/Developer/Library/Frameworks",
					"$(inherited)",
				);
				GCC_PREPROCESSOR_DEFINITIONS = (
					"DEBUG=1",
					"$(inherited)",
				);
				INFOPLIST_FILE = MyBookTests/Info.plist;
				LD_RUNPATH_SEARCH_PATHS = "$(inherited) @executable_path/Frameworks @loader_path/Frameworks";
				PRODUCT_NAME = "$(TARGET_NAME)";
				TEST_HOST = "$(BUILT_PRODUCTS_DIR)/MyBook.app/MyBook";
			};
			name = Debug;
		};
		0499390F1B876F950038FD8D /* Release */ = {
			isa = XCBuildConfiguration;
			buildSettings = {
				BUNDLE_LOADER = "$(TEST_HOST)";
				FRAMEWORK_SEARCH_PATHS = (
					"$(SDKROOT)/Developer/Library/Frameworks",
					"$(inherited)",
				);
				INFOPLIST_FILE = MyBookTests/Info.plist;
				LD_RUNPATH_SEARCH_PATHS = "$(inherited) @executable_path/Frameworks @loader_path/Frameworks";
				PRODUCT_NAME = "$(TARGET_NAME)";
				TEST_HOST = "$(BUILT_PRODUCTS_DIR)/MyBook.app/MyBook";
			};
			name = Release;
		};
/* End XCBuildConfiguration section */

/* Begin XCConfigurationList section */
		049938E21B876F950038FD8D /* Build configuration list for PBXProject "MyBook" */ = {
			isa = XCConfigurationList;
			buildConfigurations = (
				049939081B876F950038FD8D /* Debug */,
				049939091B876F950038FD8D /* Release */,
			);
			defaultConfigurationIsVisible = 0;
			defaultConfigurationName = Release;
		};
		0499390A1B876F950038FD8D /* Build configuration list for PBXNativeTarget "MyBook" */ = {
			isa = XCConfigurationList;
			buildConfigurations = (
				0499390B1B876F950038FD8D /* Debug */,
				0499390C1B876F950038FD8D /* Release */,
			);
			defaultConfigurationIsVisible = 0;
			defaultConfigurationName = Release;
		};
		0499390D1B876F950038FD8D /* Build configuration list for PBXNativeTarget "MyBookTests" */ = {
			isa = XCConfigurationList;
			buildConfigurations = (
				0499390E1B876F950038FD8D /* Debug */,
				0499390F1B876F950038FD8D /* Release */,
			);
			defaultConfigurationIsVisible = 0;
			defaultConfigurationName = Release;
		};
/* End XCConfigurationList section */
	};
	rootObject = 049938DF1B876F950038FD8D /* Project object */;
}
